schema: '2.0'
stages:
  data_ingestion:
    cmd: python src/data_ingestion.py
    deps:
    - path: src/data_ingestion.py
      hash: md5
      md5: 7aa6427831b042305da4e56e00b7800a
      size: 3760
    params:
      params.yaml:
        data_ingestion.test_size: 0.25
    outs:
    - path: data/raw
      hash: md5
      md5: 04dd235295cb72c313e376c794dbd399.dir
      size: 484846
      nfiles: 2
  data_preprocessing:
    cmd: python src/data_preprocessing.py
    deps:
    - path: data/raw
      hash: md5
      md5: 04dd235295cb72c313e376c794dbd399.dir
      size: 484846
      nfiles: 2
    - path: src/data_preprocessing.py
      hash: md5
      md5: ae0059b79590609927f72e3c373f1865
      size: 3973
    outs:
    - path: data/interim
      hash: md5
      md5: a93065f5a2727e5e7dd327b4604144d5.dir
      size: 261440
      nfiles: 2
  feature_engineering:
    cmd: python src/feature_engineering.py
    deps:
    - path: data/interim
      hash: md5
      md5: a93065f5a2727e5e7dd327b4604144d5.dir
      size: 261440
      nfiles: 2
    - path: src/feature_engineering.py
      hash: md5
      md5: 76e1ba89fabc826886b3a2644edd86a4
      size: 4024
    params:
      params.yaml:
        feature_engineering.max_features: 25
    outs:
    - path: data/processed
      hash: md5
      md5: 169d59a322754645243c2d5846e7fa3f.dir
      size: 604024
      nfiles: 2
  model_building:
    cmd: python src/model_building.py
    deps:
    - path: data/processed
      hash: md5
      md5: 169d59a322754645243c2d5846e7fa3f.dir
      size: 604024
      nfiles: 2
    - path: src/model_building.py
      hash: md5
      md5: 56fee49aae555411012fd5a4477d4c0f
      size: 4653
    params:
      params.yaml:
        model_building.n_estimators: 25
        model_building.random_state: 25
    outs:
    - path: models/model.pkl
      hash: md5
      md5: 291935cbe008ec39bd947f742d04f8cf
      size: 618890
  model_evaluation:
    cmd: python src/model_evaluation.py
    deps:
    - path: models/model.pkl
      hash: md5
      md5: 291935cbe008ec39bd947f742d04f8cf
      size: 618890
    - path: src/model_evaluation.py
      hash: md5
      md5: b823b4e855fbdfd7eff187382e6a4255
      size: 4641
    outs:
    - path: reports/metrics.json
      hash: md5
      md5: 60f43351d4f582d2a17c2f060a22285e
      size: 144
